
Microsoft Visual Studio Solution File, Format Version 12.00
# Visual Studio Version 16
VisualStudioVersion = 16.0.29905.134
MinimumVisualStudioVersion = 10.0.40219.1
Project("{9A19103F-16F7-4668-BE54-9A1E7A4F7556}") = "Project0.ConsoleUI", "Project0.ConsoleUI.csproj", "{03075DF1-DB2F-4AEC-87A0-76AEC9C4F9CF}"
EndProject
Project("{9A19103F-16F7-4668-BE54-9A1E7A4F7556}") = "Project0.Library", "..\BusinessLogic\Project0.Library.csproj", "{9ED6C8C6-D4FD-4DC8-9631-D3115DCAE0F4}"
EndProject
Project("{9A19103F-16F7-4668-BE54-9A1E7A4F7556}") = "Project0.DataAccess", "..\Project0.DataAccess\Project0.DataAccess.csproj", "{D9FE0EAF-35BD-41F2-9C7C-1B788E294142}"
EndProject
Project("{FAE04EC0-301F-11D3-BF4B-00C04F79EFBC}") = "Project0.Tests", "..\Project0.Tests\Project0.Tests.csproj", "{BA9AB81F-1287-4F8C-8136-DCC2D811BF7E}"
EndProject
Global
	GlobalSection(SolutionConfigurationPlatforms) = preSolution
		Debug|Any CPU = Debug|Any CPU
		Release|Any CPU = Release|Any CPU
	EndGlobalSection
	GlobalSection(ProjectConfigurationPlatforms) = postSolution
		{03075DF1-DB2F-4AEC-87A0-76AEC9C4F9CF}.Debug|Any CPU.ActiveCfg = Debug|Any CPU
		{03075DF1-DB2F-4AEC-87A0-76AEC9C4F9CF}.Debug|Any CPU.Build.0 = Debug|Any CPU
		{03075DF1-DB2F-4AEC-87A0-76AEC9C4F9CF}.Release|Any CPU.ActiveCfg = Release|Any CPU
		{03075DF1-DB2F-4AEC-87A0-76AEC9C4F9CF}.Release|Any CPU.Build.0 = Release|Any CPU
		{9ED6C8C6-D4FD-4DC8-9631-D3115DCAE0F4}.Debug|Any CPU.ActiveCfg = Debug|Any CPU
		{9ED6C8C6-D4FD-4DC8-9631-D3115DCAE0F4}.Debug|Any CPU.Build.0 = Debug|Any CPU
		{9ED6C8C6-D4FD-4DC8-9631-D3115DCAE0F4}.Release|Any CPU.ActiveCfg = Release|Any CPU
		{9ED6C8C6-D4FD-4DC8-9631-D3115DCAE0F4}.Release|Any CPU.Build.0 = Release|Any CPU
		{D9FE0EAF-35BD-41F2-9C7C-1B788E294142}.Debug|Any CPU.ActiveCfg = Debug|Any CPU
		{D9FE0EAF-35BD-41F2-9C7C-1B788E294142}.Debug|Any CPU.Build.0 = Debug|Any CPU
		{D9FE0EAF-35BD-41F2-9C7C-1B788E294142}.Release|Any CPU.ActiveCfg = Release|Any CPU
		{D9FE0EAF-35BD-41F2-9C7C-1B788E294142}.Release|Any CPU.Build.0 = Release|Any CPU
		{BA9AB81F-1287-4F8C-8136-DCC2D811BF7E}.Debug|Any CPU.ActiveCfg = Debug|Any CPU
		{BA9AB81F-1287-4F8C-8136-DCC2D811BF7E}.Debug|Any CPU.Build.0 = Debug|Any CPU
		{BA9AB81F-1287-4F8C-8136-DCC2D811BF7E}.Release|Any CPU.ActiveCfg = Release|Any CPU
		{BA9AB81F-1287-4F8C-8136-DCC2D811BF7E}.Release|Any CPU.Build.0 = Release|Any CPU
	EndGlobalSection
	GlobalSection(SolutionProperties) = preSolution
		HideSolutionNode = FALSE
	EndGlobalSection
	GlobalSection(ExtensibilityGlobals) = postSolution
		SolutionGuid = {8414EAA1-16BE-4FED-AF6E-5BFDE6A9FA2B}
	EndGlobalSection
EndGlobal
